
Microsoft Visual Studio Solution File, Format Version 12.00
# Visual Studio 2012
Project("{FAE04EC0-301F-11D3-BF4B-00C04F79EFBC}") = "TestDemo_24", "TestDemo_24\TestDemo_24.csproj", "{C7A4FAF2-1EA1-4B7D-94E8-9695990872D6}"
EndProject
Project("{FAE04EC0-301F-11D3-BF4B-00C04F79EFBC}") = "TestDemo_24.Droid", "Droid\TestDemo_24.Droid.csproj", "{185FDA4D-ADE9-44AD-A0BA-C0CEAC7440DC}"
EndProject
Project("{FAE04EC0-301F-11D3-BF4B-00C04F79EFBC}") = "TestDemo_24.UITests", "UITests\TestDemo_24.UITests.csproj", "{64818583-8802-425C-BFB1-167E0E75E08F}"
EndProject
Global
	GlobalSection(SolutionConfigurationPlatforms) = preSolution
		Debug|Any CPU = Debug|Any CPU
		Release|Any CPU = Release|Any CPU
	EndGlobalSection
	GlobalSection(ProjectConfigurationPlatforms) = postSolution
		{C7A4FAF2-1EA1-4B7D-94E8-9695990872D6}.Debug|Any CPU.ActiveCfg = Debug|Any CPU
		{C7A4FAF2-1EA1-4B7D-94E8-9695990872D6}.Debug|Any CPU.Build.0 = Debug|Any CPU
		{C7A4FAF2-1EA1-4B7D-94E8-9695990872D6}.Release|Any CPU.ActiveCfg = Release|Any CPU
		{C7A4FAF2-1EA1-4B7D-94E8-9695990872D6}.Release|Any CPU.Build.0 = Release|Any CPU
		{185FDA4D-ADE9-44AD-A0BA-C0CEAC7440DC}.Debug|Any CPU.ActiveCfg = Debug|Any CPU
		{185FDA4D-ADE9-44AD-A0BA-C0CEAC7440DC}.Debug|Any CPU.Build.0 = Debug|Any CPU
		{185FDA4D-ADE9-44AD-A0BA-C0CEAC7440DC}.Release|Any CPU.ActiveCfg = Release|Any CPU
		{185FDA4D-ADE9-44AD-A0BA-C0CEAC7440DC}.Release|Any CPU.Build.0 = Release|Any CPU
		{64818583-8802-425C-BFB1-167E0E75E08F}.Debug|Any CPU.ActiveCfg = Debug|Any CPU
		{64818583-8802-425C-BFB1-167E0E75E08F}.Debug|Any CPU.Build.0 = Debug|Any CPU
		{64818583-8802-425C-BFB1-167E0E75E08F}.Release|Any CPU.ActiveCfg = Release|Any CPU
		{64818583-8802-425C-BFB1-167E0E75E08F}.Release|Any CPU.Build.0 = Release|Any CPU
	EndGlobalSection
EndGlobal
